
Microsoft Visual Studio Solution File, Format Version 12.00
# Visual Studio Version 16
VisualStudioVersion = 16.0.32802.440
MinimumVisualStudioVersion = 10.0.40219.1
Project("{FAE04EC0-301F-11D3-BF4B-00C04F79EFBC}") = "Arrays", "Arrays\Arrays.csproj", "{D68AE980-1791-41B4-9AEB-51A3CF001CCE}"
EndProject
Global
	GlobalSection(SolutionConfigurationPlatforms) = preSolution
		Debug|Any CPU = Debug|Any CPU
		Release|Any CPU = Release|Any CPU

	GlobalSection(ProjectConfigurationPlatforms) = postSolution
		{D68AE980-1791-41B4-9AEB-51A3CF001CCE}.Debug|Any CPU.ActiveCfg = Debug|Any CPU
		{D68AE980-1791-41B4-9AEB-51A3CF001CCE}.Debug|Any CPU.Build.0 = Debug|Any CPU
		{D68AE980-1791-41B4-9AEB-51A3CF001CCE}.Release|Any CPU.ActiveCfg = Release|Any CPU
		{D68AE980-1791-41B4-9AEB-51A3CF001CCE}.Release|Any CPU.Build.0 = Release|Any CPU
	EndGlobalSection
	GlobalSection(SolutionProperties) = preSolution
		HideSolutionNode = FALSE
	EndGlobalSection
	GlobalSection(ExtensibilityGlobals) = postSolution
		SolutionGuid = {7AA43661-5875-4492-93E4-3AB415144536}
	EndGlobalSection
EndGlobal
